
Microsoft Visual Studio Solution File, Format Version 12.00
# Visual Studio Version 17
VisualStudioVersion = 17.10.34916.146
MinimumVisualStudioVersion = 10.0.40219.1
Project("{FAE04EC0-301F-11D3-BF4B-00C04F79EFBC}") = "HomeWork05", "HomeWork05\HomeWork05.csproj", "{0D759763-111F-45C9-815E-1D04936B6628}"
EndProject
Global
	GlobalSection(SolutionConfigurationPlatforms) = preSolution
		Debug|Any CPU = Debug|Any CPU
		Release|Any CPU = Release|Any CPU
	EndGlobalSection
	GlobalSection(ProjectConfigurationPlatforms) = postSolution
		{0D759763-111F-45C9-815E-1D04936B6628}.Debug|Any CPU.ActiveCfg = Debug|Any CPU
		{0D759763-111F-45C9-815E-1D04936B6628}.Debug|Any CPU.Build.0 = Debug|Any CPU
		{0D759763-111F-45C9-815E-1D04936B6628}.Release|Any CPU.ActiveCfg = Release|Any CPU
		{0D759763-111F-45C9-815E-1D04936B6628}.Release|Any CPU.Build.0 = Release|Any CPU
	EndGlobalSection
	GlobalSection(SolutionProperties) = preSolution
		HideSolutionNode = FALSE
	EndGlobalSection
	GlobalSection(ExtensibilityGlobals) = postSolution
		SolutionGuid = {47F5B8F0-28AE-45A9-8772-81ED7408005B}
	EndGlobalSection
EndGlobal
